
Microsoft Visual Studio Solution File, Format Version 12.00
# Visual Studio Version 16
VisualStudioVersion = 16.0.30309.148
MinimumVisualStudioVersion = 10.0.40219.1
Project("{FAE04EC0-301F-11D3-BF4B-00C04F79EFBC}") = "KM converter", "KM converter\KM converter.csproj", "{B409D12B-20FF-4CEB-B314-F6E2B26A87D0}"
EndProject
Global
	GlobalSection(SolutionConfigurationPlatforms) = preSolution
		Debug|Any CPU = Debug|Any CPU
		Release|Any CPU = Release|Any CPU
	EndGlobalSection
	GlobalSection(ProjectConfigurationPlatforms) = postSolution
		{B409D12B-20FF-4CEB-B314-F6E2B26A87D0}.Debug|Any CPU.ActiveCfg = Debug|Any CPU
		{B409D12B-20FF-4CEB-B314-F6E2B26A87D0}.Debug|Any CPU.Build.0 = Debug|Any CPU
		{B409D12B-20FF-4CEB-B314-F6E2B26A87D0}.Release|Any CPU.ActiveCfg = Release|Any CPU
		{B409D12B-20FF-4CEB-B314-F6E2B26A87D0}.Release|Any CPU.Build.0 = Release|Any CPU
	EndGlobalSection
	GlobalSection(SolutionProperties) = preSolution
		HideSolutionNode = FALSE
	EndGlobalSection
	GlobalSection(ExtensibilityGlobals) = postSolution
		SolutionGuid = {9227B336-F8E2-4A4A-B9CA-F570519FCA89}
	EndGlobalSection
EndGlobal
